
Microsoft Visual Studio Solution File, Format Version 12.00
# Visual Studio Version 17
VisualStudioVersion = 17.14.35906.104
MinimumVisualStudioVersion = 10.0.40219.1
Project("{FAE04EC0-301F-11D3-BF4B-00C04F79EFBC}") = "AspNetWithAutofacDemo", "AspNetWithAutofacDemo\AspNetWithAutofacDemo.csproj", "{30EB4397-CBC5-4ED7-BFD3-67C972E33231}"
EndProject
Global
	GlobalSection(SolutionConfigurationPlatforms) = preSolution
		Debug|Any CPU = Debug|Any CPU
		Release|Any CPU = Release|Any CPU
	EndGlobalSection
	GlobalSection(ProjectConfigurationPlatforms) = postSolution
		{30EB4397-CBC5-4ED7-BFD3-67C972E33231}.Debug|Any CPU.ActiveCfg = Debug|Any CPU
		{30EB4397-CBC5-4ED7-BFD3-67C972E33231}.Debug|Any CPU.Build.0 = Debug|Any CPU
		{30EB4397-CBC5-4ED7-BFD3-67C972E33231}.Release|Any CPU.ActiveCfg = Release|Any CPU
		{30EB4397-CBC5-4ED7-BFD3-67C972E33231}.Release|Any CPU.Build.0 = Release|Any CPU
	EndGlobalSection
	GlobalSection(SolutionProperties) = preSolution
		HideSolutionNode = FALSE
	EndGlobalSection
	GlobalSection(ExtensibilityGlobals) = postSolution
		SolutionGuid = {1BB7486F-FFA9-47C0-AB5E-69064CC3FA29}
	EndGlobalSection
EndGlobal
